
Microsoft Visual Studio Solution File, Format Version 12.00
# Visual Studio Version 17
VisualStudioVersion = 17.8.34330.188
MinimumVisualStudioVersion = 10.0.40219.1
Project("{9A19103F-16F7-4668-BE54-9A1E7A4F7556}") = "TravelExpertsForm", "TravelExpertsForm\TravelExpertsForm.csproj", "{228518BC-B888-4F19-8793-7640DB045DC0}"
EndProject
Project("{9A19103F-16F7-4668-BE54-9A1E7A4F7556}") = "TravelExpertsSuppliersDB", "TravelExpertsSuppliersDB\TravelExpertsSuppliersDB.csproj", "{FC5F555A-D248-4591-B750-85F755EB04AA}"
EndProject
Project("{9A19103F-16F7-4668-BE54-9A1E7A4F7556}") = "TravelExpertsWebMVC", "TravelExpertsWebMVC\TravelExpertsWebMVC.csproj", "{8D2AF752-51EE-46C1-8E9F-343C0F4C9719}"
EndProject
Project("{9A19103F-16F7-4668-BE54-9A1E7A4F7556}") = "TravelExpertsDB", "TravelExpertsDB\TravelExpertsDB.csproj", "{6CF87797-F2E3-404C-83CE-7CBF2CCE55A9}"
EndProject
Project("{9A19103F-16F7-4668-BE54-9A1E7A4F7556}") = "TravelPackageGUI", "TravelPackageGUI\TravelPackageGUI.csproj", "{0474590B-F209-4AE5-A6DE-52BA7577DF4D}"
EndProject
Global
	GlobalSection(SolutionConfigurationPlatforms) = preSolution
		Debug|Any CPU = Debug|Any CPU
		Release|Any CPU = Release|Any CPU
	EndGlobalSection
	GlobalSection(ProjectConfigurationPlatforms) = postSolution
		{228518BC-B888-4F19-8793-7640DB045DC0}.Debug|Any CPU.ActiveCfg = Debug|Any CPU
		{228518BC-B888-4F19-8793-7640DB045DC0}.Debug|Any CPU.Build.0 = Debug|Any CPU
		{228518BC-B888-4F19-8793-7640DB045DC0}.Release|Any CPU.ActiveCfg = Release|Any CPU
		{228518BC-B888-4F19-8793-7640DB045DC0}.Release|Any CPU.Build.0 = Release|Any CPU
		{FC5F555A-D248-4591-B750-85F755EB04AA}.Debug|Any CPU.ActiveCfg = Debug|Any CPU
		{FC5F555A-D248-4591-B750-85F755EB04AA}.Debug|Any CPU.Build.0 = Debug|Any CPU
		{FC5F555A-D248-4591-B750-85F755EB04AA}.Release|Any CPU.ActiveCfg = Release|Any CPU
		{FC5F555A-D248-4591-B750-85F755EB04AA}.Release|Any CPU.Build.0 = Release|Any CPU
		{8D2AF752-51EE-46C1-8E9F-343C0F4C9719}.Debug|Any CPU.ActiveCfg = Debug|Any CPU
		{8D2AF752-51EE-46C1-8E9F-343C0F4C9719}.Debug|Any CPU.Build.0 = Debug|Any CPU
		{8D2AF752-51EE-46C1-8E9F-343C0F4C9719}.Release|Any CPU.ActiveCfg = Release|Any CPU
		{8D2AF752-51EE-46C1-8E9F-343C0F4C9719}.Release|Any CPU.Build.0 = Release|Any CPU
		{6CF87797-F2E3-404C-83CE-7CBF2CCE55A9}.Debug|Any CPU.ActiveCfg = Debug|Any CPU
		{6CF87797-F2E3-404C-83CE-7CBF2CCE55A9}.Debug|Any CPU.Build.0 = Debug|Any CPU
		{6CF87797-F2E3-404C-83CE-7CBF2CCE55A9}.Release|Any CPU.ActiveCfg = Release|Any CPU
		{6CF87797-F2E3-404C-83CE-7CBF2CCE55A9}.Release|Any CPU.Build.0 = Release|Any CPU
		{0474590B-F209-4AE5-A6DE-52BA7577DF4D}.Debug|Any CPU.ActiveCfg = Debug|Any CPU
		{0474590B-F209-4AE5-A6DE-52BA7577DF4D}.Debug|Any CPU.Build.0 = Debug|Any CPU
		{0474590B-F209-4AE5-A6DE-52BA7577DF4D}.Release|Any CPU.ActiveCfg = Release|Any CPU
		{0474590B-F209-4AE5-A6DE-52BA7577DF4D}.Release|Any CPU.Build.0 = Release|Any CPU
	EndGlobalSection
	GlobalSection(SolutionProperties) = preSolution
		HideSolutionNode = FALSE
	EndGlobalSection
	GlobalSection(ExtensibilityGlobals) = postSolution
		SolutionGuid = {BA90C96D-C0B5-4EBE-B713-FC7F508B7B7A}
	EndGlobalSection
EndGlobal
