
Microsoft Visual Studio Solution File, Format Version 12.00
# Visual Studio Version 17
VisualStudioVersion = 17.8.34330.188
MinimumVisualStudioVersion = 10.0.40219.1
Project("{FAE04EC0-301F-11D3-BF4B-00C04F79EFBC}") = "TravelExpertsForm", "TravelExpertsForm\TravelExpertsForm.csproj", "{228518BC-B888-4F19-8793-7640DB045DC0}"
EndProject
Project("{FAE04EC0-301F-11D3-BF4B-00C04F79EFBC}") = "TravelExpertsSuppliersDB", "TravelExpertsSuppliersDB\TravelExpertsSuppliersDB.csproj", "{FC5F555A-D248-4591-B750-85F755EB04AA}"
EndProject
Global
	GlobalSection(SolutionConfigurationPlatforms) = preSolution
		Debug|Any CPU = Debug|Any CPU
		Release|Any CPU = Release|Any CPU
	EndGlobalSection
	GlobalSection(ProjectConfigurationPlatforms) = postSolution
		{228518BC-B888-4F19-8793-7640DB045DC0}.Debug|Any CPU.ActiveCfg = Debug|Any CPU
		{228518BC-B888-4F19-8793-7640DB045DC0}.Debug|Any CPU.Build.0 = Debug|Any CPU
		{228518BC-B888-4F19-8793-7640DB045DC0}.Release|Any CPU.ActiveCfg = Release|Any CPU
		{228518BC-B888-4F19-8793-7640DB045DC0}.Release|Any CPU.Build.0 = Release|Any CPU
		{FC5F555A-D248-4591-B750-85F755EB04AA}.Debug|Any CPU.ActiveCfg = Debug|Any CPU
		{FC5F555A-D248-4591-B750-85F755EB04AA}.Debug|Any CPU.Build.0 = Debug|Any CPU
		{FC5F555A-D248-4591-B750-85F755EB04AA}.Release|Any CPU.ActiveCfg = Release|Any CPU
		{FC5F555A-D248-4591-B750-85F755EB04AA}.Release|Any CPU.Build.0 = Release|Any CPU
	EndGlobalSection
	GlobalSection(SolutionProperties) = preSolution
		HideSolutionNode = FALSE
	EndGlobalSection
	GlobalSection(ExtensibilityGlobals) = postSolution
		SolutionGuid = {BA90C96D-C0B5-4EBE-B713-FC7F508B7B7A}
	EndGlobalSection
EndGlobal
